
Microsoft Visual Studio Solution File, Format Version 12.00
# Visual Studio Version 16
VisualStudioVersion = 16.0.31702.278
MinimumVisualStudioVersion = 10.0.40219.1
Project("{FAE04EC0-301F-11D3-BF4B-00C04F79EFBC}") = "KennisDatabaseV1", "KennisDatabaseV1\KennisDatabaseV1.csproj", "{AED0D0A9-B99A-42B1-A6D5-4F5C0C893949}"
EndProject
Global
	GlobalSection(SolutionConfigurationPlatforms) = preSolution
		Debug|Any CPU = Debug|Any CPU
		Release|Any CPU = Release|Any CPU
	EndGlobalSection
	GlobalSection(ProjectConfigurationPlatforms) = postSolution
		{AED0D0A9-B99A-42B1-A6D5-4F5C0C893949}.Debug|Any CPU.ActiveCfg = Debug|Any CPU
		{AED0D0A9-B99A-42B1-A6D5-4F5C0C893949}.Debug|Any CPU.Build.0 = Debug|Any CPU
		{AED0D0A9-B99A-42B1-A6D5-4F5C0C893949}.Release|Any CPU.ActiveCfg = Release|Any CPU
		{AED0D0A9-B99A-42B1-A6D5-4F5C0C893949}.Release|Any CPU.Build.0 = Release|Any CPU
	EndGlobalSection
	GlobalSection(SolutionProperties) = preSolution
		HideSolutionNode = FALSE
	EndGlobalSection
	GlobalSection(ExtensibilityGlobals) = postSolution
		SolutionGuid = {9FDBC47E-BDD5-4B3C-94E1-3337197F985C}
	EndGlobalSection
EndGlobal
